// !$*UTF8*$!
{
	archiveVersion = 1;
	classes = {
	};
	objectVersion = 50;
	objects = {

/* Begin PBXBuildFile section */
		A4B04FC02244E0350024AD4F /* AppDelegate.swift in Sources */ = {isa = PBXBuildFile; fileRef = A4B04FBF2244E0350024AD4F /* AppDelegate.swift */; };
		A4B04FC22244E0350024AD4F /* ViewController.swift in Sources */ = {isa = PBXBuildFile; fileRef = A4B04FC12244E0350024AD4F /* ViewController.swift */; };
		A4B04FC52244E0350024AD4F /* Main.storyboard in Resources */ = {isa = PBXBuildFile; fileRef = A4B04FC32244E0350024AD4F /* Main.storyboard */; };
		A4B04FC72244E0360024AD4F /* Assets.xcassets in Resources */ = {isa = PBXBuildFile; fileRef = A4B04FC62244E0360024AD4F /* Assets.xcassets */; };
		A4B04FCA2244E0360024AD4F /* LaunchScreen.storyboard in Resources */ = {isa = PBXBuildFile; fileRef = A4B04FC82244E0360024AD4F /* LaunchScreen.storyboard */; };
		A4B04FD52244E0360024AD4F /* SYAudioIndicatorViewTests.swift in Sources */ = {isa = PBXBuildFile; fileRef = A4B04FD42244E0360024AD4F /* SYAudioIndicatorViewTests.swift */; };
		A4B04FE02244E0360024AD4F /* SYAudioIndicatorViewUITests.swift in Sources */ = {isa = PBXBuildFile; fileRef = A4B04FDF2244E0360024AD4F /* SYAudioIndicatorViewUITests.swift */; };
		A4B04FEF2244E0950024AD4F /* SYAudioIndicatorView.swift in Sources */ = {isa = PBXBuildFile; fileRef = A4B04FEE2244E0940024AD4F /* SYAudioIndicatorView.swift */; };
/* End PBXBuildFile section */

/* Begin PBXContainerItemProxy section */
		A4B04FD12244E0360024AD4F /* PBXContainerItemProxy */ = {
			isa = PBXContainerItemProxy;
			containerPortal = A4B04FB42244E0350024AD4F /* Project object */;
			proxyType = 1;
			remoteGlobalIDString = A4B04FBB2244E0350024AD4F;
			remoteInfo = SYAudioIndicatorView;
		};
		A4B04FDC2244E0360024AD4F /* PBXContainerItemProxy */ = {
			isa = PBXContainerItemProxy;
			containerPortal = A4B04FB42244E0350024AD4F /* Project object */;
			proxyType = 1;
			remoteGlobalIDString = A4B04FBB2244E0350024AD4F;
			remoteInfo = SYAudioIndicatorView;
		};
/* End PBXContainerItemProxy section */

/* Begin PBXFileReference section */
		A4B04FBC2244E0350024AD4F /* SYAudioIndicatorView.app */ = {isa = PBXFileReference; explicitFileType = wrapper.application; includeInIndex = 0; path = SYAudioIndicatorView.app; sourceTree = BUILT_PRODUCTS_DIR; };
		A4B04FBF2244E0350024AD4F /* AppDelegate.swift */ = {isa = PBXFileReference; lastKnownFileType = sourcecode.swift; path = AppDelegate.swift; sourceTree = "<group>"; };
		A4B04FC12244E0350024AD4F /* ViewController.swift */ = {isa = PBXFileReference; lastKnownFileType = sourcecode.swift; path = ViewController.swift; sourceTree = "<group>"; };
		A4B04FC42244E0350024AD4F /* Base */ = {isa = PBXFileReference; lastKnownFileType = file.storyboard; name = Base; path = Base.lproj/Main.storyboard; sourceTree = "<group>"; };
		A4B04FC62244E0360024AD4F /* Assets.xcassets */ = {isa = PBXFileReference; lastKnownFileType = folder.assetcatalog; path = Assets.xcassets; sourceTree = "<group>"; };
		A4B04FC92244E0360024AD4F /* Base */ = {isa = PBXFileReference; lastKnownFileType = file.storyboard; name = Base; path = Base.lproj/LaunchScreen.storyboard; sourceTree = "<group>"; };
		A4B04FCB2244E0360024AD4F /* Info.plist */ = {isa = PBXFileReference; lastKnownFileType = text.plist.xml; path = Info.plist; sourceTree = "<group>"; };
		A4B04FD02244E0360024AD4F /* SYAudioIndicatorViewTests.xctest */ = {isa = PBXFileReference; explicitFileType = wrapper.cfbundle; includeInIndex = 0; path = SYAudioIndicatorViewTests.xctest; sourceTree = BUILT_PRODUCTS_DIR; };
		A4B04FD42244E0360024AD4F /* SYAudioIndicatorViewTests.swift */ = {isa = PBXFileReference; lastKnownFileType = sourcecode.swift; path = SYAudioIndicatorViewTests.swift; sourceTree = "<group>"; };
		A4B04FD62244E0360024AD4F /* Info.plist */ = {isa = PBXFileReference; lastKnownFileType = text.plist.xml; path = Info.plist; sourceTree = "<group>"; };
		A4B04FDB2244E0360024AD4F /* SYAudioIndicatorViewUITests.xctest */ = {isa = PBXFileReference; explicitFileType = wrapper.cfbundle; includeInIndex = 0; path = SYAudioIndicatorViewUITests.xctest; sourceTree = BUILT_PRODUCTS_DIR; };
		A4B04FDF2244E0360024AD4F /* SYAudioIndicatorViewUITests.swift */ = {isa = PBXFileReference; lastKnownFileType = sourcecode.swift; path = SYAudioIndicatorViewUITests.swift; sourceTree = "<group>"; };
		A4B04FE12244E0360024AD4F /* Info.plist */ = {isa = PBXFileReference; lastKnownFileType = text.plist.xml; path = Info.plist; sourceTree = "<group>"; };
		A4B04FEE2244E0940024AD4F /* SYAudioIndicatorView.swift */ = {isa = PBXFileReference; fileEncoding = 4; lastKnownFileType = sourcecode.swift; path = SYAudioIndicatorView.swift; sourceTree = "<group>"; };
/* End PBXFileReference section */

/* Begin PBXFrameworksBuildPhase section */
		A4B04FB92244E0350024AD4F /* Frameworks */ = {
			isa = PBXFrameworksBuildPhase;
			buildActionMask = 2147483647;
			files = (
			);
			runOnlyForDeploymentPostprocessing = 0;
		};
		A4B04FCD2244E0360024AD4F /* Frameworks */ = {
			isa = PBXFrameworksBuildPhase;
			buildActionMask = 2147483647;
			files = (
			);
			runOnlyForDeploymentPostprocessing = 0;
		};
		A4B04FD82244E0360024AD4F /* Frameworks */ = {
			isa = PBXFrameworksBuildPhase;
			buildActionMask = 2147483647;
			files = (
			);
			runOnlyForDeploymentPostprocessing = 0;
		};
/* End PBXFrameworksBuildPhase section */

/* Begin PBXGroup section */
		A4B04FB32244E0350024AD4F = {
			isa = PBXGroup;
			children = (
				A4B04FBE2244E0350024AD4F /* SYAudioIndicatorView */,
				A4B04FD32244E0360024AD4F /* SYAudioIndicatorViewTests */,
				A4B04FDE2244E0360024AD4F /* SYAudioIndicatorViewUITests */,
				A4B04FBD2244E0350024AD4F /* Products */,
			);
			sourceTree = "<group>";
		};
		A4B04FBD2244E0350024AD4F /* Products */ = {
			isa = PBXGroup;
			children = (
				A4B04FBC2244E0350024AD4F /* SYAudioIndicatorView.app */,
				A4B04FD02244E0360024AD4F /* SYAudioIndicatorViewTests.xctest */,
				A4B04FDB2244E0360024AD4F /* SYAudioIndicatorViewUITests.xctest */,
			);
			name = Products;
			sourceTree = "<group>";
		};
		A4B04FBE2244E0350024AD4F /* SYAudioIndicatorView */ = {
			isa = PBXGroup;
			children = (
				A4B04FBF2244E0350024AD4F /* AppDelegate.swift */,
				A4B04FC12244E0350024AD4F /* ViewController.swift */,
				A4B04FEE2244E0940024AD4F /* SYAudioIndicatorView.swift */,
				A4B04FC32244E0350024AD4F /* Main.storyboard */,
				A4B04FC62244E0360024AD4F /* Assets.xcassets */,
				A4B04FC82244E0360024AD4F /* LaunchScreen.storyboard */,
				A4B04FCB2244E0360024AD4F /* Info.plist */,
			);
			path = SYAudioIndicatorView;
			sourceTree = "<group>";
		};
		A4B04FD32244E0360024AD4F /* SYAudioIndicatorViewTests */ = {
			isa = PBXGroup;
			children = (
				A4B04FD42244E0360024AD4F /* SYAudioIndicatorViewTests.swift */,
				A4B04FD62244E0360024AD4F /* Info.plist */,
			);
			path = SYAudioIndicatorViewTests;
			sourceTree = "<group>";
		};
		A4B04FDE2244E0360024AD4F /* SYAudioIndicatorViewUITests */ = {
			isa = PBXGroup;
			children = (
				A4B04FDF2244E0360024AD4F /* SYAudioIndicatorViewUITests.swift */,
				A4B04FE12244E0360024AD4F /* Info.plist */,
			);
			path = SYAudioIndicatorViewUITests;
			sourceTree = "<group>";
		};
/* End PBXGroup section */

/* Begin PBXNativeTarget section */
		A4B04FBB2244E0350024AD4F /* SYAudioIndicatorView */ = {
			isa = PBXNativeTarget;
			buildConfigurationList = A4B04FE42244E0360024AD4F /* Build configuration list for PBXNativeTarget "SYAudioIndicatorView" */;
			buildPhases = (
				A4B04FB82244E0350024AD4F /* Sources */,
				A4B04FB92244E0350024AD4F /* Frameworks */,
				A4B04FBA2244E0350024AD4F /* Resources */,
			);
			buildRules = (
			);
			dependencies = (
			);
			name = SYAudioIndicatorView;
			productName = SYAudioIndicatorView;
			productReference = A4B04FBC2244E0350024AD4F /* SYAudioIndicatorView.app */;
			productType = "com.apple.product-type.application";
		};
		A4B04FCF2244E0360024AD4F /* SYAudioIndicatorViewTests */ = {
			isa = PBXNativeTarget;
			buildConfigurationList = A4B04FE72244E0360024AD4F /* Build configuration list for PBXNativeTarget "SYAudioIndicatorViewTests" */;
			buildPhases = (
				A4B04FCC2244E0360024AD4F /* Sources */,
				A4B04FCD2244E0360024AD4F /* Frameworks */,
				A4B04FCE2244E0360024AD4F /* Resources */,
			);
			buildRules = (
			);
			dependencies = (
				A4B04FD22244E0360024AD4F /* PBXTargetDependency */,
			);
			name = SYAudioIndicatorViewTests;
			productName = SYAudioIndicatorViewTests;
			productReference = A4B04FD02244E0360024AD4F /* SYAudioIndicatorViewTests.xctest */;
			productType = "com.apple.product-type.bundle.unit-test";
		};
		A4B04FDA2244E0360024AD4F /* SYAudioIndicatorViewUITests */ = {
			isa = PBXNativeTarget;
			buildConfigurationList = A4B04FEA2244E0360024AD4F /* Build configuration list for PBXNativeTarget "SYAudioIndicatorViewUITests" */;
			buildPhases = (
				A4B04FD72244E0360024AD4F /* Sources */,
				A4B04FD82244E0360024AD4F /* Frameworks */,
				A4B04FD92244E0360024AD4F /* Resources */,
			);
			buildRules = (
			);
			dependencies = (
				A4B04FDD2244E0360024AD4F /* PBXTargetDependency */,
			);
			name = SYAudioIndicatorViewUITests;
			productName = SYAudioIndicatorViewUITests;
			productReference = A4B04FDB2244E0360024AD4F /* SYAudioIndicatorViewUITests.xctest */;
			productType = "com.apple.product-type.bundle.ui-testing";
		};
/* End PBXNativeTarget section */

/* Begin PBXProject section */
		A4B04FB42244E0350024AD4F /* Project object */ = {
			isa = PBXProject;
			attributes = {
				LastSwiftUpdateCheck = 1010;
				LastUpgradeCheck = 1010;
				ORGANIZATIONNAME = "Yamada Shunya";
				TargetAttributes = {
					A4B04FBB2244E0350024AD4F = {
						CreatedOnToolsVersion = 10.1;
					};
					A4B04FCF2244E0360024AD4F = {
						CreatedOnToolsVersion = 10.1;
						TestTargetID = A4B04FBB2244E0350024AD4F;
					};
					A4B04FDA2244E0360024AD4F = {
						CreatedOnToolsVersion = 10.1;
						TestTargetID = A4B04FBB2244E0350024AD4F;
					};
				};
			};
			buildConfigurationList = A4B04FB72244E0350024AD4F /* Build configuration list for PBXProject "SYAudioIndicatorView" */;
			compatibilityVersion = "Xcode 9.3";
			developmentRegion = en;
			hasScannedForEncodings = 0;
			knownRegions = (
				en,
				Base,
			);
			mainGroup = A4B04FB32244E0350024AD4F;
			productRefGroup = A4B04FBD2244E0350024AD4F /* Products */;
			projectDirPath = "";
			projectRoot = "";
			targets = (
				A4B04FBB2244E0350024AD4F /* SYAudioIndicatorView */,
				A4B04FCF2244E0360024AD4F /* SYAudioIndicatorViewTests */,
				A4B04FDA2244E0360024AD4F /* SYAudioIndicatorViewUITests */,
			);
		};
/* End PBXProject section */

/* Begin PBXResourcesBuildPhase section */
		A4B04FBA2244E0350024AD4F /* Resources */ = {
			isa = PBXResourcesBuildPhase;
			buildActionMask = 2147483647;
			files = (
				A4B04FCA2244E0360024AD4F /* LaunchScreen.storyboard in Resources */,
				A4B04FC72244E0360024AD4F /* Assets.xcassets in Resources */,
				A4B04FC52244E0350024AD4F /* Main.storyboard in Resources */,
			);
			runOnlyForDeploymentPostprocessing = 0;
		};
		A4B04FCE2244E0360024AD4F /* Resources */ = {
			isa = PBXResourcesBuildPhase;
			buildActionMask = 2147483647;
			files = (
			);
			runOnlyForDeploymentPostprocessing = 0;
		};
		A4B04FD92244E0360024AD4F /* Resources */ = {
			isa = PBXResourcesBuildPhase;
			buildActionMask = 2147483647;
			files = (
			);
			runOnlyForDeploymentPostprocessing = 0;
		};
/* End PBXResourcesBuildPhase section */

/* Begin PBXSourcesBuildPhase section */
		A4B04FB82244E0350024AD4F /* Sources */ = {
			isa = PBXSourcesBuildPhase;
			buildActionMask = 2147483647;
			files = (
				A4B04FEF2244E0950024AD4F /* SYAudioIndicatorView.swift in Sources */,
				A4B04FC22244E0350024AD4F /* ViewController.swift in Sources */,
				A4B04FC02244E0350024AD4F /* AppDelegate.swift in Sources */,
			);
			runOnlyForDeploymentPostprocessing = 0;
		};
		A4B04FCC2244E0360024AD4F /* Sources */ = {
			isa = PBXSourcesBuildPhase;
			buildActionMask = 2147483647;
			files = (
				A4B04FD52244E0360024AD4F /* SYAudioIndicatorViewTests.swift in Sources */,
			);
			runOnlyForDeploymentPostprocessing = 0;
		};
		A4B04FD72244E0360024AD4F /* Sources */ = {
			isa = PBXSourcesBuildPhase;
			buildActionMask = 2147483647;
			files = (
				A4B04FE02244E0360024AD4F /* SYAudioIndicatorViewUITests.swift in Sources */,
			);
			runOnlyForDeploymentPostprocessing = 0;
		};
/* End PBXSourcesBuildPhase section */

/* Begin PBXTargetDependency section */
		A4B04FD22244E0360024AD4F /* PBXTargetDependency */ = {
			isa = PBXTargetDependency;
			target = A4B04FBB2244E0350024AD4F /* SYAudioIndicatorView */;
			targetProxy = A4B04FD12244E0360024AD4F /* PBXContainerItemProxy */;
		};
		A4B04FDD2244E0360024AD4F /* PBXTargetDependency */ = {
			isa = PBXTargetDependency;
			target = A4B04FBB2244E0350024AD4F /* SYAudioIndicatorView */;
			targetProxy = A4B04FDC2244E0360024AD4F /* PBXContainerItemProxy */;
		};
/* End PBXTargetDependency section */

/* Begin PBXVariantGroup section */
		A4B04FC32244E0350024AD4F /* Main.storyboard */ = {
			isa = PBXVariantGroup;
			children = (
				A4B04FC42244E0350024AD4F /* Base */,
			);
			name = Main.storyboard;
			sourceTree = "<group>";
		};
		A4B04FC82244E0360024AD4F /* LaunchScreen.storyboard */ = {
			isa = PBXVariantGroup;
			children = (
				A4B04FC92244E0360024AD4F /* Base */,
			);
			name = LaunchScreen.storyboard;
			sourceTree = "<group>";
		};
/* End PBXVariantGroup section */

/* Begin XCBuildConfiguration section */
		A4B04FE22244E0360024AD4F /* Debug */ = {
			isa = XCBuildConfiguration;
			buildSettings = {
				ALWAYS_SEARCH_USER_PATHS = NO;
				CLANG_ANALYZER_NONNULL = YES;
				CLANG_ANALYZER_NUMBER_OBJECT_CONVERSION = YES_AGGRESSIVE;
				CLANG_CXX_LANGUAGE_STANDARD = "gnu++14";
				CLANG_CXX_LIBRARY = "libc++";
				CLANG_ENABLE_MODULES = YES;
				CLANG_ENABLE_OBJC_ARC = YES;
				CLANG_ENABLE_OBJC_WEAK = YES;
				CLANG_WARN_BLOCK_CAPTURE_AUTORELEASING = YES;
				CLANG_WARN_BOOL_CONVERSION = YES;
				CLANG_WARN_COMMA = YES;
				CLANG_WARN_CONSTANT_CONVERSION = YES;
				CLANG_WARN_DEPRECATED_OBJC_IMPLEMENTATIONS = YES;
				CLANG_WARN_DIRECT_OBJC_ISA_USAGE = YES_ERROR;
				CLANG_WARN_DOCUMENTATION_COMMENTS = YES;
				CLANG_WARN_EMPTY_BODY = YES;
				CLANG_WARN_ENUM_CONVERSION = YES;
				CLANG_WARN_INFINITE_RECURSION = YES;
				CLANG_WARN_INT_CONVERSION = YES;
				CLANG_WARN_NON_LITERAL_NULL_CONVERSION = YES;
				CLANG_WARN_OBJC_IMPLICIT_RETAIN_SELF = YES;
				CLANG_WARN_OBJC_LITERAL_CONVERSION = YES;
				CLANG_WARN_OBJC_ROOT_CLASS = YES_ERROR;
				CLANG_WARN_RANGE_LOOP_ANALYSIS = YES;
				CLANG_WARN_STRICT_PROTOTYPES = YES;
				CLANG_WARN_SUSPICIOUS_MOVE = YES;
				CLANG_WARN_UNGUARDED_AVAILABILITY = YES_AGGRESSIVE;
				CLANG_WARN_UNREACHABLE_CODE = YES;
				CLANG_WARN__DUPLICATE_METHOD_MATCH = YES;
				CODE_SIGN_IDENTITY = "iPhone Developer";
				COPY_PHASE_STRIP = NO;
				DEBUG_INFORMATION_FORMAT = dwarf;
				ENABLE_STRICT_OBJC_MSGSEND = YES;
				ENABLE_TESTABILITY = YES;
				GCC_C_LANGUAGE_STANDARD = gnu11;
				GCC_DYNAMIC_NO_PIC = NO;
				GCC_NO_COMMON_BLOCKS = YES;
				GCC_OPTIMIZATION_LEVEL = 0;
				GCC_PREPROCESSOR_DEFINITIONS = (
					"DEBUG=1",
					"$(inherited)",
				);
				GCC_WARN_64_TO_32_BIT_CONVERSION = YES;
				GCC_WARN_ABOUT_RETURN_TYPE = YES_ERROR;
				GCC_WARN_UNDECLARED_SELECTOR = YES;
				GCC_WARN_UNINITIALIZED_AUTOS = YES_AGGRESSIVE;
				GCC_WARN_UNUSED_FUNCTION = YES;
				GCC_WARN_UNUSED_VARIABLE = YES;
				IPHONEOS_DEPLOYMENT_TARGET = 12.1;
				MTL_ENABLE_DEBUG_INFO = INCLUDE_SOURCE;
				MTL_FAST_MATH = YES;
				ONLY_ACTIVE_ARCH = YES;
				SDKROOT = iphoneos;
				SWIFT_ACTIVE_COMPILATION_CONDITIONS = DEBUG;
				SWIFT_OPTIMIZATION_LEVEL = "-Onone";
			};
			name = Debug;
		};
		A4B04FE32244E0360024AD4F /* Release */ = {
			isa = XCBuildConfiguration;
			buildSettings = {
				ALWAYS_SEARCH_USER_PATHS = NO;
				CLANG_ANALYZER_NONNULL = YES;
				CLANG_ANALYZER_NUMBER_OBJECT_CONVERSION = YES_AGGRESSIVE;
				CLANG_CXX_LANGUAGE_STANDARD = "gnu++14";
				CLANG_CXX_LIBRARY = "libc++";
				CLANG_ENABLE_MODULES = YES;
				CLANG_ENABLE_OBJC_ARC = YES;
				CLANG_ENABLE_OBJC_WEAK = YES;
				CLANG_WARN_BLOCK_CAPTURE_AUTORELEASING = YES;
				CLANG_WARN_BOOL_CONVERSION = YES;
				CLANG_WARN_COMMA = YES;
				CLANG_WARN_CONSTANT_CONVERSION = YES;
				CLANG_WARN_DEPRECATED_OBJC_IMPLEMENTATIONS = YES;
				CLANG_WARN_DIRECT_OBJC_ISA_USAGE = YES_ERROR;
				CLANG_WARN_DOCUMENTATION_COMMENTS = YES;
				CLANG_WARN_EMPTY_BODY = YES;
				CLANG_WARN_ENUM_CONVERSION = YES;
				CLANG_WARN_INFINITE_RECURSION = YES;
				CLANG_WARN_INT_CONVERSION = YES;
				CLANG_WARN_NON_LITERAL_NULL_CONVERSION = YES;
				CLANG_WARN_OBJC_IMPLICIT_RETAIN_SELF = YES;
				CLANG_WARN_OBJC_LITERAL_CONVERSION = YES;
				CLANG_WARN_OBJC_ROOT_CLASS = YES_ERROR;
				CLANG_WARN_RANGE_LOOP_ANALYSIS = YES;
				CLANG_WARN_STRICT_PROTOTYPES = YES;
				CLANG_WARN_SUSPICIOUS_MOVE = YES;
				CLANG_WARN_UNGUARDED_AVAILABILITY = YES_AGGRESSIVE;
				CLANG_WARN_UNREACHABLE_CODE = YES;
				CLANG_WARN__DUPLICATE_METHOD_MATCH = YES;
				CODE_SIGN_IDENTITY = "iPhone Developer";
				COPY_PHASE_STRIP = NO;
				DEBUG_INFORMATION_FORMAT = "dwarf-with-dsym";
				ENABLE_NS_ASSERTIONS = NO;
				ENABLE_STRICT_OBJC_MSGSEND = YES;
				GCC_C_LANGUAGE_STANDARD = gnu11;
				GCC_NO_COMMON_BLOCKS = YES;
				GCC_WARN_64_TO_32_BIT_CONVERSION = YES;
				GCC_WARN_ABOUT_RETURN_TYPE = YES_ERROR;
				GCC_WARN_UNDECLARED_SELECTOR = YES;
				GCC_WARN_UNINITIALIZED_AUTOS = YES_AGGRESSIVE;
				GCC_WARN_UNUSED_FUNCTION = YES;
				GCC_WARN_UNUSED_VARIABLE = YES;
				IPHONEOS_DEPLOYMENT_TARGET = 12.1;
				MTL_ENABLE_DEBUG_INFO = NO;
				MTL_FAST_MATH = YES;
				SDKROOT = iphoneos;
				SWIFT_COMPILATION_MODE = wholemodule;
				SWIFT_OPTIMIZATION_LEVEL = "-O";
				VALIDATE_PRODUCT = YES;
			};
			name = Release;
		};
		A4B04FE52244E0360024AD4F /* Debug */ = {
			isa = XCBuildConfiguration;
			buildSettings = {
				ASSETCATALOG_COMPILER_APPICON_NAME = AppIcon;
				CODE_SIGN_STYLE = Automatic;
				DEVELOPMENT_TEAM = W7P9HBNW4T;
				INFOPLIST_FILE = SYAudioIndicatorView/Info.plist;
				LD_RUNPATH_SEARCH_PATHS = (
					"$(inherited)",
					"@executable_path/Frameworks",
				);
				PRODUCT_BUNDLE_IDENTIFIER = com.SYAudioIndicatorView;
				PRODUCT_NAME = "$(TARGET_NAME)";
				SWIFT_VERSION = 4.2;
				TARGETED_DEVICE_FAMILY = "1,2";
			};
			name = Debug;
		};
		A4B04FE62244E0360024AD4F /* Release */ = {
			isa = XCBuildConfiguration;
			buildSettings = {
				ASSETCATALOG_COMPILER_APPICON_NAME = AppIcon;
				CODE_SIGN_STYLE = Automatic;
				DEVELOPMENT_TEAM = W7P9HBNW4T;
				INFOPLIST_FILE = SYAudioIndicatorView/Info.plist;
				LD_RUNPATH_SEARCH_PATHS = (
					"$(inherited)",
					"@executable_path/Frameworks",
				);
				PRODUCT_BUNDLE_IDENTIFIER = com.SYAudioIndicatorView;
				PRODUCT_NAME = "$(TARGET_NAME)";
				SWIFT_VERSION = 4.2;
				TARGETED_DEVICE_FAMILY = "1,2";
			};
			name = Release;
		};
		A4B04FE82244E0360024AD4F /* Debug */ = {
			isa = XCBuildConfiguration;
			buildSettings = {
				ALWAYS_EMBED_SWIFT_STANDARD_LIBRARIES = YES;
				BUNDLE_LOADER = "$(TEST_HOST)";
				CODE_SIGN_STYLE = Automatic;
				DEVELOPMENT_TEAM = W7P9HBNW4T;
				INFOPLIST_FILE = SYAudioIndicatorViewTests/Info.plist;
				LD_RUNPATH_SEARCH_PATHS = (
					"$(inherited)",
					"@executable_path/Frameworks",
					"@loader_path/Frameworks",
				);
				PRODUCT_BUNDLE_IDENTIFIER = com.SYAudioIndicatorViewTests;
				PRODUCT_NAME = "$(TARGET_NAME)";
				SWIFT_VERSION = 4.2;
				TARGETED_DEVICE_FAMILY = "1,2";
				TEST_HOST = "$(BUILT_PRODUCTS_DIR)/SYAudioIndicatorView.app/SYAudioIndicatorView";
			};
			name = Debug;
		};
		A4B04FE92244E0360024AD4F /* Release */ = {
			isa = XCBuildConfiguration;
			buildSettings = {
				ALWAYS_EMBED_SWIFT_STANDARD_LIBRARIES = YES;
				BUNDLE_LOADER = "$(TEST_HOST)";
				CODE_SIGN_STYLE = Automatic;
				DEVELOPMENT_TEAM = W7P9HBNW4T;
				INFOPLIST_FILE = SYAudioIndicatorViewTests/Info.plist;
				LD_RUNPATH_SEARCH_PATHS = (
					"$(inherited)",
					"@executable_path/Frameworks",
					"@loader_path/Frameworks",
				);
				PRODUCT_BUNDLE_IDENTIFIER = com.SYAudioIndicatorViewTests;
				PRODUCT_NAME = "$(TARGET_NAME)";
				SWIFT_VERSION = 4.2;
				TARGETED_DEVICE_FAMILY = "1,2";
				TEST_HOST = "$(BUILT_PRODUCTS_DIR)/SYAudioIndicatorView.app/SYAudioIndicatorView";
			};
			name = Release;
		};
		A4B04FEB2244E0360024AD4F /* Debug */ = {
			isa = XCBuildConfiguration;
			buildSettings = {
				ALWAYS_EMBED_SWIFT_STANDARD_LIBRARIES = YES;
				CODE_SIGN_STYLE = Automatic;
				DEVELOPMENT_TEAM = W7P9HBNW4T;
				INFOPLIST_FILE = SYAudioIndicatorViewUITests/Info.plist;
				LD_RUNPATH_SEARCH_PATHS = (
					"$(inherited)",
					"@executable_path/Frameworks",
					"@loader_path/Frameworks",
				);
				PRODUCT_BUNDLE_IDENTIFIER = com.SYAudioIndicatorViewUITests;
				PRODUCT_NAME = "$(TARGET_NAME)";
				SWIFT_VERSION = 4.2;
				TARGETED_DEVICE_FAMILY = "1,2";
				TEST_TARGET_NAME = SYAudioIndicatorView;
			};
			name = Debug;
		};
		A4B04FEC2244E0360024AD4F /* Release */ = {
			isa = XCBuildConfiguration;
			buildSettings = {
				ALWAYS_EMBED_SWIFT_STANDARD_LIBRARIES = YES;
				CODE_SIGN_STYLE = Automatic;
				DEVELOPMENT_TEAM = W7P9HBNW4T;
				INFOPLIST_FILE = SYAudioIndicatorViewUITests/Info.plist;
				LD_RUNPATH_SEARCH_PATHS = (
					"$(inherited)",
					"@executable_path/Frameworks",
					"@loader_path/Frameworks",
				);
				PRODUCT_BUNDLE_IDENTIFIER = com.SYAudioIndicatorViewUITests;
				PRODUCT_NAME = "$(TARGET_NAME)";
				SWIFT_VERSION = 4.2;
				TARGETED_DEVICE_FAMILY = "1,2";
				TEST_TARGET_NAME = SYAudioIndicatorView;
			};
			name = Release;
		};
/* End XCBuildConfiguration section */

/* Begin XCConfigurationList section */
		A4B04FB72244E0350024AD4F /* Build configuration list for PBXProject "SYAudioIndicatorView" */ = {
			isa = XCConfigurationList;
			buildConfigurations = (
				A4B04FE22244E0360024AD4F /* Debug */,
				A4B04FE32244E0360024AD4F /* Release */,
			);
			defaultConfigurationIsVisible = 0;
			defaultConfigurationName = Release;
		};
		A4B04FE42244E0360024AD4F /* Build configuration list for PBXNativeTarget "SYAudioIndicatorView" */ = {
			isa = XCConfigurationList;
			buildConfigurations = (
				A4B04FE52244E0360024AD4F /* Debug */,
				A4B04FE62244E0360024AD4F /* Release */,
			);
			defaultConfigurationIsVisible = 0;
			defaultConfigurationName = Release;
		};
		A4B04FE72244E0360024AD4F /* Build configuration list for PBXNativeTarget "SYAudioIndicatorViewTests" */ = {
			isa = XCConfigurationList;
			buildConfigurations = (
				A4B04FE82244E0360024AD4F /* Debug */,
				A4B04FE92244E0360024AD4F /* Release */,
			);
			defaultConfigurationIsVisible = 0;
			defaultConfigurationName = Release;
		};
		A4B04FEA2244E0360024AD4F /* Build configuration list for PBXNativeTarget "SYAudioIndicatorViewUITests" */ = {
			isa = XCConfigurationList;
			buildConfigurations = (
				A4B04FEB2244E0360024AD4F /* Debug */,
				A4B04FEC2244E0360024AD4F /* Release */,
			);
			defaultConfigurationIsVisible = 0;
			defaultConfigurationName = Release;
		};
/* End XCConfigurationList section */
	};
	rootObject = A4B04FB42244E0350024AD4F /* Project object */;
}
